# This file is automatically @generated by Cargo.
# It is not intended for manual editing.
version = 3

[[package]]
name = "bf-ast"
version = "0.1.0"
dependencies = [
 "bf-common",
]

[[package]]
name = "bf-cli"
version = "0.1.0"
dependencies = [
 "bf-compiler",
 "bf-lexer",
 "bf-parser",
 "wasm-encoder",
]

[[package]]
name = "bf-common"
version = "0.1.0"

[[package]]
name = "bf-compiler"
version = "0.1.0"
dependencies = [
 "bf-common",
]

[[package]]
name = "bf-lexer"
version = "0.1.0"
dependencies = [
 "bf-common",
]

[[package]]
name = "bf-parser"
version = "0.1.0"
dependencies = [
 "bf-ast",
 "bf-common",
 "bf-lexer",
]

[[package]]
name = "leb128"
version = "0.2.5"
source = "registry+https://github.com/rust-lang/crates.io-index"
checksum = "884e2677b40cc8c339eaefcb701c32ef1fd2493d71118dc0ca4b6a736c93bd67"

[[package]]
name = "once_cell"
version = "1.10.0"
source = "registry+https://github.com/rust-lang/crates.io-index"
checksum = "87f3e037eac156d1775da914196f0f37741a274155e34a0b7e427c35d2a2ecb9"

[[package]]
name = "pin-project-lite"
version = "0.2.9"
source = "registry+https://github.com/rust-lang/crates.io-index"
checksum = "e0a7ae3ac2f1173085d398531c705756c94a4c56843785df85a60c1a0afac116"

[[package]]
name = "tokio"
version = "1.18.2"
source = "registry+https://github.com/rust-lang/crates.io-index"
checksum = "4903bf0427cf68dddd5aa6a93220756f8be0c34fcfa9f5e6191e103e15a31395"
dependencies = [
 "once_cell",
 "pin-project-lite",
]

[[package]]
name = "wasm-encoder"
version = "0.1.0"
dependencies = [
 "leb128",
 "tokio",
]
