# This file is automatically @generated by Cargo.
# It is not intended for manual editing.
version = 3

[[package]]
name = "bf-cli"
version = "0.1.0"
dependencies = [
 "bf-compiler",
 "bf-lexer",
 "bf-parser",
]

[[package]]
name = "bf-common"
version = "0.1.0"

[[package]]
name = "bf-compiler"
version = "0.1.0"
dependencies = [
 "bf-common",
 "wasm-encoder",
]

[[package]]
name = "bf-lexer"
version = "0.1.0"
dependencies = [
 "bf-common",
]

[[package]]
name = "bf-parser"
version = "0.1.0"
dependencies = [
 "bf-common",
 "bf-lexer",
]

[[package]]
name = "leb128"
version = "0.2.5"
source = "registry+https://github.com/rust-lang/crates.io-index"
checksum = "884e2677b40cc8c339eaefcb701c32ef1fd2493d71118dc0ca4b6a736c93bd67"

[[package]]
name = "wasm-encoder"
version = "0.11.0"
source = "registry+https://github.com/rust-lang/crates.io-index"
checksum = "a35138d119147af92d7e44ae0f052f6496ee5f38e7c0cad3e0338befdb8f3753"
dependencies = [
 "leb128",
]
